
Microsoft Visual Studio Solution File, Format Version 12.00
# Visual Studio Version 17
VisualStudioVersion = 17.12.35527.113
MinimumVisualStudioVersion = 10.0.40219.1
Project("{FAE04EC0-301F-11D3-BF4B-00C04F79EFBC}") = "NetSdrClientApp", "NetSdrClientApp\NetSdrClientApp.csproj", "{3CA739B1-888F-4B84-8E76-387640E3B3E9}"
EndProject
Project("{FAE04EC0-301F-11D3-BF4B-00C04F79EFBC}") = "NetSdrClientAppTests", "NetSdrClientAppTests\NetSdrClientAppTests.csproj", "{D0155366-89B4-4BA4-90E2-2ECC8C1EB915}"
EndProject
Project("{FAE04EC0-301F-11D3-BF4B-00C04F79EFBC}") = "EchoTcpServer", "EchoTcpServer\EchoTcpServer.csproj", "{4FE96C93-F645-4C52-A2ED-C4437504A5BD}"
EndProject
Project("{FAE04EC0-301F-11D3-BF4B-00C04F79EFBC}") = "EchoTcpServerTests", "EchoTcpServerTests\EchoTcpServerTests.csproj", "{6E755217-7132-4AAA-83E9-7013CCABE7C3}"
EndProject
Global
	GlobalSection(SolutionConfigurationPlatforms) = preSolution
		Debug|Any CPU = Debug|Any CPU
		Release|Any CPU = Release|Any CPU
	EndGlobalSection
	GlobalSection(ProjectConfigurationPlatforms) = postSolution
		{3CA739B1-888F-4B84-8E76-387640E3B3E9}.Debug|Any CPU.ActiveCfg = Debug|Any CPU
		{3CA739B1-888F-4B84-8E76-387640E3B3E9}.Debug|Any CPU.Build.0 = Debug|Any CPU
		{3CA739B1-888F-4B84-8E76-387640E3B3E9}.Release|Any CPU.ActiveCfg = Release|Any CPU
		{3CA739B1-888F-4B84-8E76-387640E3B3E9}.Release|Any CPU.Build.0 = Release|Any CPU
		{D0155366-89B4-4BA4-90E2-2ECC8C1EB915}.Debug|Any CPU.ActiveCfg = Debug|Any CPU
		{D0155366-89B4-4BA4-90E2-2ECC8C1EB915}.Debug|Any CPU.Build.0 = Debug|Any CPU
		{D0155366-89B4-4BA4-90E2-2ECC8C1EB915}.Release|Any CPU.ActiveCfg = Release|Any CPU
		{D0155366-89B4-4BA4-90E2-2ECC8C1EB915}.Release|Any CPU.Build.0 = Release|Any CPU
		{4FE96C93-F645-4C52-A2ED-C4437504A5BD}.Debug|Any CPU.ActiveCfg = Debug|Any CPU
		{4FE96C93-F645-4C52-A2ED-C4437504A5BD}.Debug|Any CPU.Build.0 = Debug|Any CPU
		{4FE96C93-F645-4C52-A2ED-C4437504A5BD}.Release|Any CPU.ActiveCfg = Release|Any CPU
		{4FE96C93-F645-4C52-A2ED-C4437504A5BD}.Release|Any CPU.Build.0 = Release|Any CPU
		{6E755217-7132-4AAA-83E9-7013CCABE7C3}.Debug|Any CPU.ActiveCfg = Debug|Any CPU
		{6E755217-7132-4AAA-83E9-7013CCABE7C3}.Debug|Any CPU.Build.0 = Debug|Any CPU
		{6E755217-7132-4AAA-83E9-7013CCABE7C3}.Release|Any CPU.ActiveCfg = Release|Any CPU
		{6E755217-7132-4AAA-83E9-7013CCABE7C3}.Release|Any CPU.Build.0 = Release|Any CPU
	EndGlobalSection
	GlobalSection(SolutionProperties) = preSolution
		HideSolutionNode = FALSE
	EndGlobalSection
EndGlobal
